
Microsoft Visual Studio Solution File, Format Version 12.00
# Visual Studio 14
VisualStudioVersion = 14.0.24720.0
MinimumVisualStudioVersion = 10.0.40219.1
Project("{8BC9CEB8-8B4A-11D0-8D11-00A0C91BC942}") = "Exercise 1", "Exercise 1\Exercise 1.vcxproj", "{F84D8B64-A7A2-422D-B963-F15E4076D5C0}"
EndProject
Project("{8BC9CEB8-8B4A-11D0-8D11-00A0C91BC942}") = "Exercise 2", "Exercise 2\Exercise 2.vcxproj", "{FC3739CA-E86E-44B4-8157-13CA611B94DE}"
EndProject
Project("{8BC9CEB8-8B4A-11D0-8D11-00A0C91BC942}") = "Exercise 3", "Exercise 3\Exercise 3.vcxproj", "{D374D84B-AA6B-4F1A-A295-10A4D43ABAD3}"
EndProject
Project("{8BC9CEB8-8B4A-11D0-8D11-00A0C91BC942}") = "Exercise 4", "Exercise 4\Exercise 4.vcxproj", "{A8BB96F1-C666-45C2-8221-F120ED3BE1E9}"
EndProject
Project("{8BC9CEB8-8B4A-11D0-8D11-00A0C91BC942}") = "Exercise 5", "Exercise 5\Exercise 5.vcxproj", "{73498447-93B0-4673-A5E4-9325B99EE0A6}"
EndProject
Project("{8BC9CEB8-8B4A-11D0-8D11-00A0C91BC942}") = "Exercise 6", "Exercise 6\Exercise 6.vcxproj", "{FBEFD435-4A34-466C-912F-5ABB74A84F64}"
EndProject
Project("{8BC9CEB8-8B4A-11D0-8D11-00A0C91BC942}") = "Exercise 7", "Exercise 7\Exercise 7.vcxproj", "{D2CBED1F-D3D5-4FC6-95AB-E2F76F8B9425}"
EndProject
Project("{8BC9CEB8-8B4A-11D0-8D11-00A0C91BC942}") = "Exercise 8", "Exercise 8\Exercise 8.vcxproj", "{26C3E6F1-FAE4-4BF5-B27E-D81EA1C5F8C1}"
EndProject
Project("{8BC9CEB8-8B4A-11D0-8D11-00A0C91BC942}") = "Exercise 9", "Exercise 9\Exercise 9.vcxproj", "{E3CBDF13-BC70-4856-86B9-4AD6C103F964}"
EndProject
Project("{8BC9CEB8-8B4A-11D0-8D11-00A0C91BC942}") = "Exercise 10", "Exercise 10\Exercise 10.vcxproj", "{782F2891-697A-4E34-8862-8D65C057DA76}"
EndProject
Project("{8BC9CEB8-8B4A-11D0-8D11-00A0C91BC942}") = "Exercise 11", "Exercise 11\Exercise 11.vcxproj", "{3EBBF47D-B7C2-4C2C-9AF8-DCFE64CCF55A}"
EndProject
Global
	GlobalSection(SolutionConfigurationPlatforms) = preSolution
		Debug|x64 = Debug|x64
		Debug|x86 = Debug|x86
		Release|x64 = Release|x64
		Release|x86 = Release|x86
	EndGlobalSection
	GlobalSection(ProjectConfigurationPlatforms) = postSolution
		{F84D8B64-A7A2-422D-B963-F15E4076D5C0}.Debug|x64.ActiveCfg = Debug|x64
		{F84D8B64-A7A2-422D-B963-F15E4076D5C0}.Debug|x64.Build.0 = Debug|x64
		{F84D8B64-A7A2-422D-B963-F15E4076D5C0}.Debug|x86.ActiveCfg = Debug|Win32
		{F84D8B64-A7A2-422D-B963-F15E4076D5C0}.Debug|x86.Build.0 = Debug|Win32
		{F84D8B64-A7A2-422D-B963-F15E4076D5C0}.Release|x64.ActiveCfg = Release|x64
		{F84D8B64-A7A2-422D-B963-F15E4076D5C0}.Release|x64.Build.0 = Release|x64
		{F84D8B64-A7A2-422D-B963-F15E4076D5C0}.Release|x86.ActiveCfg = Release|Win32
		{F84D8B64-A7A2-422D-B963-F15E4076D5C0}.Release|x86.Build.0 = Release|Win32
		{FC3739CA-E86E-44B4-8157-13CA611B94DE}.Debug|x64.ActiveCfg = Debug|x64
		{FC3739CA-E86E-44B4-8157-13CA611B94DE}.Debug|x64.Build.0 = Debug|x64
		{FC3739CA-E86E-44B4-8157-13CA611B94DE}.Debug|x86.ActiveCfg = Debug|Win32
		{FC3739CA-E86E-44B4-8157-13CA611B94DE}.Debug|x86.Build.0 = Debug|Win32
		{FC3739CA-E86E-44B4-8157-13CA611B94DE}.Release|x64.ActiveCfg = Release|x64
		{FC3739CA-E86E-44B4-8157-13CA611B94DE}.Release|x64.Build.0 = Release|x64
		{FC3739CA-E86E-44B4-8157-13CA611B94DE}.Release|x86.ActiveCfg = Release|Win32
		{FC3739CA-E86E-44B4-8157-13CA611B94DE}.Release|x86.Build.0 = Release|Win32
		{D374D84B-AA6B-4F1A-A295-10A4D43ABAD3}.Debug|x64.ActiveCfg = Debug|x64
		{D374D84B-AA6B-4F1A-A295-10A4D43ABAD3}.Debug|x64.Build.0 = Debug|x64
		{D374D84B-AA6B-4F1A-A295-10A4D43ABAD3}.Debug|x86.ActiveCfg = Debug|Win32
		{D374D84B-AA6B-4F1A-A295-10A4D43ABAD3}.Debug|x86.Build.0 = Debug|Win32
		{D374D84B-AA6B-4F1A-A295-10A4D43ABAD3}.Release|x64.ActiveCfg = Release|x64
		{D374D84B-AA6B-4F1A-A295-10A4D43ABAD3}.Release|x64.Build.0 = Release|x64
		{D374D84B-AA6B-4F1A-A295-10A4D43ABAD3}.Release|x86.ActiveCfg = Release|Win32
		{D374D84B-AA6B-4F1A-A295-10A4D43ABAD3}.Release|x86.Build.0 = Release|Win32
		{A8BB96F1-C666-45C2-8221-F120ED3BE1E9}.Debug|x64.ActiveCfg = Debug|x64
		{A8BB96F1-C666-45C2-8221-F120ED3BE1E9}.Debug|x64.Build.0 = Debug|x64
		{A8BB96F1-C666-45C2-8221-F120ED3BE1E9}.Debug|x86.ActiveCfg = Debug|Win32
		{A8BB96F1-C666-45C2-8221-F120ED3BE1E9}.Debug|x86.Build.0 = Debug|Win32
		{A8BB96F1-C666-45C2-8221-F120ED3BE1E9}.Release|x64.ActiveCfg = Release|x64
		{A8BB96F1-C666-45C2-8221-F120ED3BE1E9}.Release|x64.Build.0 = Release|x64
		{A8BB96F1-C666-45C2-8221-F120ED3BE1E9}.Release|x86.ActiveCfg = Release|Win32
		{A8BB96F1-C666-45C2-8221-F120ED3BE1E9}.Release|x86.Build.0 = Release|Win32
		{73498447-93B0-4673-A5E4-9325B99EE0A6}.Debug|x64.ActiveCfg = Debug|x64
		{73498447-93B0-4673-A5E4-9325B99EE0A6}.Debug|x64.Build.0 = Debug|x64
		{73498447-93B0-4673-A5E4-9325B99EE0A6}.Debug|x86.ActiveCfg = Debug|Win32
		{73498447-93B0-4673-A5E4-9325B99EE0A6}.Debug|x86.Build.0 = Debug|Win32
		{73498447-93B0-4673-A5E4-9325B99EE0A6}.Release|x64.ActiveCfg = Release|x64
		{73498447-93B0-4673-A5E4-9325B99EE0A6}.Release|x64.Build.0 = Release|x64
		{73498447-93B0-4673-A5E4-9325B99EE0A6}.Release|x86.ActiveCfg = Release|Win32
		{73498447-93B0-4673-A5E4-9325B99EE0A6}.Release|x86.Build.0 = Release|Win32
		{FBEFD435-4A34-466C-912F-5ABB74A84F64}.Debug|x64.ActiveCfg = Debug|x64
		{FBEFD435-4A34-466C-912F-5ABB74A84F64}.Debug|x64.Build.0 = Debug|x64
		{FBEFD435-4A34-466C-912F-5ABB74A84F64}.Debug|x86.ActiveCfg = Debug|Win32
		{FBEFD435-4A34-466C-912F-5ABB74A84F64}.Debug|x86.Build.0 = Debug|Win32
		{FBEFD435-4A34-466C-912F-5ABB74A84F64}.Release|x64.ActiveCfg = Release|x64
		{FBEFD435-4A34-466C-912F-5ABB74A84F64}.Release|x64.Build.0 = Release|x64
		{FBEFD435-4A34-466C-912F-5ABB74A84F64}.Release|x86.ActiveCfg = Release|Win32
		{FBEFD435-4A34-466C-912F-5ABB74A84F64}.Release|x86.Build.0 = Release|Win32
		{D2CBED1F-D3D5-4FC6-95AB-E2F76F8B9425}.Debug|x64.ActiveCfg = Debug|x64
		{D2CBED1F-D3D5-4FC6-95AB-E2F76F8B9425}.Debug|x64.Build.0 = Debug|x64
		{D2CBED1F-D3D5-4FC6-95AB-E2F76F8B9425}.Debug|x86.ActiveCfg = Debug|Win32
		{D2CBED1F-D3D5-4FC6-95AB-E2F76F8B9425}.Debug|x86.Build.0 = Debug|Win32
		{D2CBED1F-D3D5-4FC6-95AB-E2F76F8B9425}.Release|x64.ActiveCfg = Release|x64
		{D2CBED1F-D3D5-4FC6-95AB-E2F76F8B9425}.Release|x64.Build.0 = Release|x64
		{D2CBED1F-D3D5-4FC6-95AB-E2F76F8B9425}.Release|x86.ActiveCfg = Release|Win32
		{D2CBED1F-D3D5-4FC6-95AB-E2F76F8B9425}.Release|x86.Build.0 = Release|Win32
		{26C3E6F1-FAE4-4BF5-B27E-D81EA1C5F8C1}.Debug|x64.ActiveCfg = Debug|x64
		{26C3E6F1-FAE4-4BF5-B27E-D81EA1C5F8C1}.Debug|x64.Build.0 = Debug|x64
		{26C3E6F1-FAE4-4BF5-B27E-D81EA1C5F8C1}.Debug|x86.ActiveCfg = Debug|Win32
		{26C3E6F1-FAE4-4BF5-B27E-D81EA1C5F8C1}.Debug|x86.Build.0 = Debug|Win32
		{26C3E6F1-FAE4-4BF5-B27E-D81EA1C5F8C1}.Release|x64.ActiveCfg = Release|x64
		{26C3E6F1-FAE4-4BF5-B27E-D81EA1C5F8C1}.Release|x64.Build.0 = Release|x64
		{26C3E6F1-FAE4-4BF5-B27E-D81EA1C5F8C1}.Release|x86.ActiveCfg = Release|Win32
		{26C3E6F1-FAE4-4BF5-B27E-D81EA1C5F8C1}.Release|x86.Build.0 = Release|Win32
		{E3CBDF13-BC70-4856-86B9-4AD6C103F964}.Debug|x64.ActiveCfg = Debug|x64
		{E3CBDF13-BC70-4856-86B9-4AD6C103F964}.Debug|x64.Build.0 = Debug|x64
		{E3CBDF13-BC70-4856-86B9-4AD6C103F964}.Debug|x86.ActiveCfg = Debug|Win32
		{E3CBDF13-BC70-4856-86B9-4AD6C103F964}.Debug|x86.Build.0 = Debug|Win32
		{E3CBDF13-BC70-4856-86B9-4AD6C103F964}.Release|x64.ActiveCfg = Release|x64
		{E3CBDF13-BC70-4856-86B9-4AD6C103F964}.Release|x64.Build.0 = Release|x64
		{E3CBDF13-BC70-4856-86B9-4AD6C103F964}.Release|x86.ActiveCfg = Release|Win32
		{E3CBDF13-BC70-4856-86B9-4AD6C103F964}.Release|x86.Build.0 = Release|Win32
		{782F2891-697A-4E34-8862-8D65C057DA76}.Debug|x64.ActiveCfg = Debug|x64
		{782F2891-697A-4E34-8862-8D65C057DA76}.Debug|x64.Build.0 = Debug|x64
		{782F2891-697A-4E34-8862-8D65C057DA76}.Debug|x86.ActiveCfg = Debug|Win32
		{782F2891-697A-4E34-8862-8D65C057DA76}.Debug|x86.Build.0 = Debug|Win32
		{782F2891-697A-4E34-8862-8D65C057DA76}.Release|x64.ActiveCfg = Release|x64
		{782F2891-697A-4E34-8862-8D65C057DA76}.Release|x64.Build.0 = Release|x64
		{782F2891-697A-4E34-8862-8D65C057DA76}.Release|x86.ActiveCfg = Release|Win32
		{782F2891-697A-4E34-8862-8D65C057DA76}.Release|x86.Build.0 = Release|Win32
		{3EBBF47D-B7C2-4C2C-9AF8-DCFE64CCF55A}.Debug|x64.ActiveCfg = Debug|x64
		{3EBBF47D-B7C2-4C2C-9AF8-DCFE64CCF55A}.Debug|x64.Build.0 = Debug|x64
		{3EBBF47D-B7C2-4C2C-9AF8-DCFE64CCF55A}.Debug|x86.ActiveCfg = Debug|Win32
		{3EBBF47D-B7C2-4C2C-9AF8-DCFE64CCF55A}.Debug|x86.Build.0 = Debug|Win32
		{3EBBF47D-B7C2-4C2C-9AF8-DCFE64CCF55A}.Release|x64.ActiveCfg = Release|x64
		{3EBBF47D-B7C2-4C2C-9AF8-DCFE64CCF55A}.Release|x64.Build.0 = Release|x64
		{3EBBF47D-B7C2-4C2C-9AF8-DCFE64CCF55A}.Release|x86.ActiveCfg = Release|Win32
		{3EBBF47D-B7C2-4C2C-9AF8-DCFE64CCF55A}.Release|x86.Build.0 = Release|Win32
	EndGlobalSection
	GlobalSection(SolutionProperties) = preSolution
		HideSolutionNode = FALSE
	EndGlobalSection
EndGlobal
